<?xml version="1.0" encoding="utf-8"?>
<Project ToolsVersion="4.0" xmlns="http://schemas.microsoft.com/developer/msbuild/2003">
  <ItemGroup>
    <Filter Include="Исходные файлы">
      <UniqueIdentifier>{4FC737F1-C7A5-4376-A066-2A32D752A2FF}</UniqueIdentifier>
      <Extensions>cpp;c;cc;cxx;def;odl;idl;hpj;bat;asm;asmx</Extensions>
    </Filter>
    <Filter Include="Файлы заголовков">
      <UniqueIdentifier>{93995380-89BD-4b04-88EB-625FBE52EBFB}</UniqueIdentifier>
      <Extensions>h;hh;hpp;hxx;hm;inl;inc;ipp;xsd</Extensions>
    </Filter>
    <Filter Include="Файлы ресурсов">
      <UniqueIdentifier>{67DA6AB6-F800-4c08-8B7A-83BB121AAD01}</UniqueIdentifier>
      <Extensions>rc;ico;cur;bmp;dlg;rc2;rct;bin;rgs;gif;jpg;jpeg;jpe;resx;tiff;tif;png;wav;mfcribbon-ms</Extensions>
    </Filter>
    <Filter Include="logic">
      <UniqueIdentifier>{af4054b3-88bc-4342-9a30-b3795f6264e0}</UniqueIdentifier>
    </Filter>
    <Filter Include="gui">
      <UniqueIdentifier>{25c57c88-f648-4c9a-83b8-99875832c395}</UniqueIdentifier>
    </Filter>
    <Filter Include="helpers">
      <UniqueIdentifier>{fbb4fe58-4567-41aa-b47a-d7911e65e913}</UniqueIdentifier>
    </Filter>
  </ItemGroup>
  <ItemGroup>
    <ClCompile Include="bacterium.cpp">
      <Filter>logic</Filter>
    </ClCompile>
    <ClCompile Include="main.cpp">
      <Filter>Исходные файлы</Filter>
    </ClCompile>
    <ClCompile Include="cell.cpp">
      <Filter>logic</Filter>
    </ClCompile>
    <ClCompile Include="field_state.cpp">
      <Filter>logic</Filter>
    </ClCompile>
    <ClCompile Include="grass.cpp">
      <Filter>logic</Filter>
    </ClCompile>
    <ClCompile Include="graphic_scene.cpp">
      <Filter>gui</Filter>
    </ClCompile>
    <ClCompile Include="timer.cpp">
      <Filter>helpers</Filter>
    </ClCompile>
    <ClCompile Include="position.cpp">
      <Filter>logic</Filter>
    </ClCompile>
    <ClCompile Include="config_helper.cpp">
      <Filter>logic</Filter>
    </ClCompile>
    <ClCompile Include="gui_field_state.cpp">
      <Filter>gui</Filter>
    </ClCompile>
  </ItemGroup>
  <ItemGroup>
    <ClInclude Include="bacterium.h">
      <Filter>logic</Filter>
    </ClInclude>
    <ClInclude Include="cell.h">
      <Filter>logic</Filter>
    </ClInclude>
    <ClInclude Include="field_state.h">
      <Filter>logic</Filter>
    </ClInclude>
    <ClInclude Include="domain.h">
      <Filter>helpers</Filter>
    </ClInclude>
    <ClInclude Include="graphic_scene.h">
      <Filter>gui</Filter>
    </ClInclude>
    <ClInclude Include="grass.h">
      <Filter>logic</Filter>
    </ClInclude>
    <ClInclude Include="position.h">
      <Filter>logic</Filter>
    </ClInclude>
    <ClInclude Include="timer.h">
      <Filter>helpers</Filter>
    </ClInclude>
    <ClInclude Include="gui_config.h">
      <Filter>gui</Filter>
    </ClInclude>
    <ClInclude Include="config_helper.h">
      <Filter>logic</Filter>
    </ClInclude>
    <ClInclude Include="gui_field_state.h">
      <Filter>gui</Filter>
    </ClInclude>
  </ItemGroup>
</Project>