<?xml version="1.0" encoding="utf-8"?>
<Project ToolsVersion="4.0" xmlns="http://schemas.microsoft.com/developer/msbuild/2003">
  <ItemGroup>
    <Filter Include="Исходные файлы">
      <UniqueIdentifier>{4FC737F1-C7A5-4376-A066-2A32D752A2FF}</UniqueIdentifier>
      <Extensions>cpp;c;cc;cxx;def;odl;idl;hpj;bat;asm;asmx</Extensions>
    </Filter>
    <Filter Include="Файлы заголовков">
      <UniqueIdentifier>{93995380-89BD-4b04-88EB-625FBE52EBFB}</UniqueIdentifier>
      <Extensions>h;hh;hpp;hxx;hm;inl;inc;ipp;xsd</Extensions>
    </Filter>
    <Filter Include="Файлы ресурсов">
      <UniqueIdentifier>{67DA6AB6-F800-4c08-8B7A-83BB121AAD01}</UniqueIdentifier>
      <Extensions>rc;ico;cur;bmp;dlg;rc2;rct;bin;rgs;gif;jpg;jpeg;jpe;resx;tiff;tif;png;wav;mfcribbon-ms</Extensions>
    </Filter>
    <Filter Include="network">
      <UniqueIdentifier>{00420d7f-a88d-42b8-834f-2884c76c8cbe}</UniqueIdentifier>
    </Filter>
    <Filter Include="logic">
      <UniqueIdentifier>{7ed090a7-1642-4bf5-aa80-f351ee9cfeb2}</UniqueIdentifier>
    </Filter>
    <Filter Include="game state">
      <UniqueIdentifier>{b93fcc91-3feb-4ca0-ab94-eabc31437d15}</UniqueIdentifier>
    </Filter>
    <Filter Include="game state\game logic">
      <UniqueIdentifier>{f7923df3-27c5-44c5-b71d-ebd4faf0d844}</UniqueIdentifier>
    </Filter>
    <Filter Include="game state\game object">
      <UniqueIdentifier>{215ee474-b376-4893-b485-bf045697b77c}</UniqueIdentifier>
    </Filter>
    <Filter Include="database">
      <UniqueIdentifier>{f9e6230f-983d-4214-8a78-8c21701cb8d8}</UniqueIdentifier>
    </Filter>
  </ItemGroup>
  <ItemGroup>
    <ClCompile Include="main.cpp">
      <Filter>Исходные файлы</Filter>
    </ClCompile>
    <ClCompile Include="pch_server.cpp">
      <Filter>Исходные файлы</Filter>
    </ClCompile>
    <ClCompile Include="network_server.cpp">
      <Filter>network</Filter>
    </ClCompile>
    <ClCompile Include="logic_server.cpp">
      <Filter>logic</Filter>
    </ClCompile>
    <ClCompile Include="srv_manager.cpp">
      <Filter>logic</Filter>
    </ClCompile>
    <ClCompile Include="bacterium.cpp">
      <Filter>game state\game object</Filter>
    </ClCompile>
    <ClCompile Include="cell.cpp">
      <Filter>game state\game object</Filter>
    </ClCompile>
    <ClCompile Include="field_state.cpp">
      <Filter>game state\game logic</Filter>
    </ClCompile>
    <ClCompile Include="field_state_info.cpp">
      <Filter>game state\game logic</Filter>
    </ClCompile>
    <ClCompile Include="grass.cpp">
      <Filter>game state\game object</Filter>
    </ClCompile>
    <ClCompile Include="position.cpp">
      <Filter>game state\game logic</Filter>
    </ClCompile>
    <ClCompile Include="bol_database.cpp">
      <Filter>database</Filter>
    </ClCompile>
  </ItemGroup>
  <ItemGroup>
    <ClInclude Include="pch_server.h">
      <Filter>Файлы заголовков</Filter>
    </ClInclude>
    <ClInclude Include="network_server.h">
      <Filter>network</Filter>
    </ClInclude>
    <ClInclude Include="srv_manager.h">
      <Filter>logic</Filter>
    </ClInclude>
    <ClInclude Include="logic_server.h">
      <Filter>logic</Filter>
    </ClInclude>
    <ClInclude Include="bol_socket_channel.h">
      <Filter>network</Filter>
    </ClInclude>
    <ClInclude Include="bacterium.h">
      <Filter>game state\game object</Filter>
    </ClInclude>
    <ClInclude Include="cell.h">
      <Filter>game state\game object</Filter>
    </ClInclude>
    <ClInclude Include="field_state.h">
      <Filter>game state\game logic</Filter>
    </ClInclude>
    <ClInclude Include="field_state_info.h">
      <Filter>game state\game logic</Filter>
    </ClInclude>
    <ClInclude Include="grass.h">
      <Filter>game state\game object</Filter>
    </ClInclude>
    <ClInclude Include="position.h">
      <Filter>game state\game logic</Filter>
    </ClInclude>
    <ClInclude Include="bol_database.h">
      <Filter>database</Filter>
    </ClInclude>
    <ClInclude Include="data_for_save.h">
      <Filter>database</Filter>
    </ClInclude>
  </ItemGroup>
  <ItemGroup>
    <None Include="vcpkg.json" />
  </ItemGroup>
</Project>